
Microsoft Visual Studio Solution File, Format Version 12.00
# Visual Studio Version 17
VisualStudioVersion = 17.7.34031.279
MinimumVisualStudioVersion = 10.0.40219.1
Project("{F184B08F-C81C-45F6-A57F-5ABD9991F28F}") = "ProgressBar", "ProgressBar\ProgressBar.vbproj", "{9AEE2606-2232-4CB9-8EC6-7846CB523B3A}"
EndProject
Global
	GlobalSection(SolutionConfigurationPlatforms) = preSolution
		Debug|Any CPU = Debug|Any CPU
		Release|Any CPU = Release|Any CPU
	EndGlobalSection
	GlobalSection(ProjectConfigurationPlatforms) = postSolution
		{9AEE2606-2232-4CB9-8EC6-7846CB523B3A}.Debug|Any CPU.ActiveCfg = Debug|Any CPU
		{9AEE2606-2232-4CB9-8EC6-7846CB523B3A}.Debug|Any CPU.Build.0 = Debug|Any CPU
		{9AEE2606-2232-4CB9-8EC6-7846CB523B3A}.Release|Any CPU.ActiveCfg = Release|Any CPU
		{9AEE2606-2232-4CB9-8EC6-7846CB523B3A}.Release|Any CPU.Build.0 = Release|Any CPU
	EndGlobalSection
	GlobalSection(SolutionProperties) = preSolution
		HideSolutionNode = FALSE
	EndGlobalSection
	GlobalSection(ExtensibilityGlobals) = postSolution
		SolutionGuid = {A0753CC6-02B4-48B6-A5B3-A4B5790673F4}
	EndGlobalSection
EndGlobal
